
Microsoft Visual Studio Solution File, Format Version 12.00
# Visual Studio 15
Project("{FAE04EC0-301F-11D3-BF4B-00C04F79EFBC}") = "Minefield", "Minefield\Minefield.csproj", "{0392D2DA-0C61-4822-B9CC-3E97E4D5F1A3}"
EndProject
Project("{FAE04EC0-301F-11D3-BF4B-00C04F79EFBC}") = "Tests", "Tests\Tests.csproj", "{A643DF37-BE58-4F69-AE9A-1D6E805A9414}"
EndProject
Global
	GlobalSection(SolutionConfigurationPlatforms) = preSolution
		Debug|Any CPU = Debug|Any CPU
		Release|Any CPU = Release|Any CPU
	EndGlobalSection
	GlobalSection(ProjectConfigurationPlatforms) = postSolution
		{0392D2DA-0C61-4822-B9CC-3E97E4D5F1A3}.Debug|Any CPU.ActiveCfg = Debug|Any CPU
		{0392D2DA-0C61-4822-B9CC-3E97E4D5F1A3}.Debug|Any CPU.Build.0 = Debug|Any CPU
		{0392D2DA-0C61-4822-B9CC-3E97E4D5F1A3}.Release|Any CPU.ActiveCfg = Release|Any CPU
		{0392D2DA-0C61-4822-B9CC-3E97E4D5F1A3}.Release|Any CPU.Build.0 = Release|Any CPU
		{A643DF37-BE58-4F69-AE9A-1D6E805A9414}.Debug|Any CPU.ActiveCfg = Debug|Any CPU
		{A643DF37-BE58-4F69-AE9A-1D6E805A9414}.Debug|Any CPU.Build.0 = Debug|Any CPU
		{A643DF37-BE58-4F69-AE9A-1D6E805A9414}.Release|Any CPU.ActiveCfg = Release|Any CPU
		{A643DF37-BE58-4F69-AE9A-1D6E805A9414}.Release|Any CPU.Build.0 = Release|Any CPU
	EndGlobalSection
EndGlobal
